PODS:
  - HFCardCollectionViewLayout (0.4.2)
  - SwiftyJSON (3.1.4)

DEPENDENCIES:
  - HFCardCollectionViewLayout
  - SwiftyJSON (~> 3.1)

SPEC REPOS:
  https://github.com/CocoaPods/Specs.git:
    - HFCardCollectionViewLayout
    - SwiftyJSON

SPEC CHECKSUMS:
  HFCardCollectionViewLayout: 88cc7deb86baae9396450d9db323081cce50da59
  SwiftyJSON: c2842d878f95482ffceec5709abc3d05680c0220

PODFILE CHECKSUM: 7d856965808a9c6420bc7616d797cfb09d013ee6

COCOAPODS: 1.5.0
